// !$*UTF8*$!
{
	archiveVersion = 1;
	classes = {
	};
	objectVersion = 50;
	objects = {

/* Begin PBXBuildFile section */
		5E463673238D009100EABD90 /* AppDelegate.swift in Sources */ = {isa = PBXBuildFile; fileRef = 5E463672238D009100EABD90 /* AppDelegate.swift */; };
		5E463675238D009100EABD90 /* SceneDelegate.swift in Sources */ = {isa = PBXBuildFile; fileRef = 5E463674238D009100EABD90 /* SceneDelegate.swift */; };
		5E463677238D009100EABD90 /* ContentView.swift in Sources */ = {isa = PBXBuildFile; fileRef = 5E463676238D009100EABD90 /* ContentView.swift */; };
		5E463679238D009100EABD90 /* Assets.xcassets in Resources */ = {isa = PBXBuildFile; fileRef = 5E463678238D009100EABD90 /* Assets.xcassets */; };
		5E46367C238D009100EABD90 /* Preview Assets.xcassets in Resources */ = {isa = PBXBuildFile; fileRef = 5E46367B238D009100EABD90 /* Preview Assets.xcassets */; };
		5E46367F238D009100EABD90 /* LaunchScreen.storyboard in Resources */ = {isa = PBXBuildFile; fileRef = 5E46367D238D009100EABD90 /* LaunchScreen.storyboard */; };
		5E46368A238D009200EABD90 /* SwiftUI_PracticeTests.swift in Sources */ = {isa = PBXBuildFile; fileRef = 5E463689238D009200EABD90 /* SwiftUI_PracticeTests.swift */; };
		5E463695238D009200EABD90 /* SwiftUI_PracticeUITests.swift in Sources */ = {isa = PBXBuildFile; fileRef = 5E463694238D009200EABD90 /* SwiftUI_PracticeUITests.swift */; };
/* End PBXBuildFile section */

/* Begin PBXContainerItemProxy section */
		5E463686238D009100EABD90 /* PBXContainerItemProxy */ = {
			isa = PBXContainerItemProxy;
			containerPortal = 5E463667238D009100EABD90 /* Project object */;
			proxyType = 1;
			remoteGlobalIDString = 5E46366E238D009100EABD90;
			remoteInfo = "SwiftUI Practice";
		};
		5E463691238D009200EABD90 /* PBXContainerItemProxy */ = {
			isa = PBXContainerItemProxy;
			containerPortal = 5E463667238D009100EABD90 /* Project object */;
			proxyType = 1;
			remoteGlobalIDString = 5E46366E238D009100EABD90;
			remoteInfo = "SwiftUI Practice";
		};
/* End PBXContainerItemProxy section */

/* Begin PBXFileReference section */
		5E46366F238D009100EABD90 /* SwiftUI Practice.app */ = {isa = PBXFileReference; explicitFileType = wrapper.application; includeInIndex = 0; path = "SwiftUI Practice.app"; sourceTree = BUILT_PRODUCTS_DIR; };
		5E463672238D009100EABD90 /* AppDelegate.swift */ = {isa = PBXFileReference; lastKnownFileType = sourcecode.swift; path = AppDelegate.swift; sourceTree = "<group>"; };
		5E463674238D009100EABD90 /* SceneDelegate.swift */ = {isa = PBXFileReference; lastKnownFileType = sourcecode.swift; path = SceneDelegate.swift; sourceTree = "<group>"; };
		5E463676238D009100EABD90 /* ContentView.swift */ = {isa = PBXFileReference; lastKnownFileType = sourcecode.swift; path = ContentView.swift; sourceTree = "<group>"; };
		5E463678238D009100EABD90 /* Assets.xcassets */ = {isa = PBXFileReference; lastKnownFileType = folder.assetcatalog; path = Assets.xcassets; sourceTree = "<group>"; };
		5E46367B238D009100EABD90 /* Preview Assets.xcassets */ = {isa = PBXFileReference; lastKnownFileType = folder.assetcatalog; path = "Preview Assets.xcassets"; sourceTree = "<group>"; };
		5E46367E238D009100EABD90 /* Base */ = {isa = PBXFileReference; lastKnownFileType = file.storyboard; name = Base; path = Base.lproj/LaunchScreen.storyboard; sourceTree = "<group>"; };
		5E463680238D009100EABD90 /* Info.plist */ = {isa = PBXFileReference; lastKnownFileType = text.plist.xml; path = Info.plist; sourceTree = "<group>"; };
		5E463685238D009100EABD90 /* SwiftUI PracticeTests.xctest */ = {isa = PBXFileReference; explicitFileType = wrapper.cfbundle; includeInIndex = 0; path = "SwiftUI PracticeTests.xctest"; sourceTree = BUILT_PRODUCTS_DIR; };
		5E463689238D009200EABD90 /* SwiftUI_PracticeTests.swift */ = {isa = PBXFileReference; lastKnownFileType = sourcecode.swift; path = SwiftUI_PracticeTests.swift; sourceTree = "<group>"; };
		5E46368B238D009200EABD90 /* Info.plist */ = {isa = PBXFileReference; lastKnownFileType = text.plist.xml; path = Info.plist; sourceTree = "<group>"; };
		5E463690238D009200EABD90 /* SwiftUI PracticeUITests.xctest */ = {isa = PBXFileReference; explicitFileType = wrapper.cfbundle; includeInIndex = 0; path = "SwiftUI PracticeUITests.xctest"; sourceTree = BUILT_PRODUCTS_DIR; };
		5E463694238D009200EABD90 /* SwiftUI_PracticeUITests.swift */ = {isa = PBXFileReference; lastKnownFileType = sourcecode.swift; path = SwiftUI_PracticeUITests.swift; sourceTree = "<group>"; };
		5E463696238D009200EABD90 /* Info.plist */ = {isa = PBXFileReference; lastKnownFileType = text.plist.xml; path = Info.plist; sourceTree = "<group>"; };
/* End PBXFileReference section */

/* Begin PBXFrameworksBuildPhase section */
		5E46366C238D009100EABD90 /* Frameworks */ = {
			isa = PBXFrameworksBuildPhase;
			buildActionMask = 2147483647;
			files = (
			);
			runOnlyForDeploymentPostprocessing = 0;
		};
		5E463682238D009100EABD90 /* Frameworks */ = {
			isa = PBXFrameworksBuildPhase;
			buildActionMask = 2147483647;
			files = (
			);
			runOnlyForDeploymentPostprocessing = 0;
		};
		5E46368D238D009200EABD90 /* Frameworks */ = {
			isa = PBXFrameworksBuildPhase;
			buildActionMask = 2147483647;
			files = (
			);
			runOnlyForDeploymentPostprocessing = 0;
		};
/* End PBXFrameworksBuildPhase section */

/* Begin PBXGroup section */
		5E463666238D009100EABD90 = {
			isa = PBXGroup;
			children = (
				5E463671238D009100EABD90 /* SwiftUI Practice */,
				5E463688238D009100EABD90 /* SwiftUI PracticeTests */,
				5E463693238D009200EABD90 /* SwiftUI PracticeUITests */,
				5E463670238D009100EABD90 /* Products */,
			);
			sourceTree = "<group>";
		};
		5E463670238D009100EABD90 /* Products */ = {
			isa = PBXGroup;
			children = (
				5E46366F238D009100EABD90 /* SwiftUI Practice.app */,
				5E463685238D009100EABD90 /* SwiftUI PracticeTests.xctest */,
				5E463690238D009200EABD90 /* SwiftUI PracticeUITests.xctest */,
			);
			name = Products;
			sourceTree = "<group>";
		};
		5E463671238D009100EABD90 /* SwiftUI Practice */ = {
			isa = PBXGroup;
			children = (
				5E463672238D009100EABD90 /* AppDelegate.swift */,
				5E463674238D009100EABD90 /* SceneDelegate.swift */,
				5E463676238D009100EABD90 /* ContentView.swift */,
				5E463678238D009100EABD90 /* Assets.xcassets */,
				5E46367D238D009100EABD90 /* LaunchScreen.storyboard */,
				5E463680238D009100EABD90 /* Info.plist */,
				5E46367A238D009100EABD90 /* Preview Content */,
			);
			path = "SwiftUI Practice";
			sourceTree = "<group>";
		};
		5E46367A238D009100EABD90 /* Preview Content */ = {
			isa = PBXGroup;
			children = (
				5E46367B238D009100EABD90 /* Preview Assets.xcassets */,
			);
			path = "Preview Content";
			sourceTree = "<group>";
		};
		5E463688238D009100EABD90 /* SwiftUI PracticeTests */ = {
			isa = PBXGroup;
			children = (
				5E463689238D009200EABD90 /* SwiftUI_PracticeTests.swift */,
				5E46368B238D009200EABD90 /* Info.plist */,
			);
			path = "SwiftUI PracticeTests";
			sourceTree = "<group>";
		};
		5E463693238D009200EABD90 /* SwiftUI PracticeUITests */ = {
			isa = PBXGroup;
			children = (
				5E463694238D009200EABD90 /* SwiftUI_PracticeUITests.swift */,
				5E463696238D009200EABD90 /* Info.plist */,
			);
			path = "SwiftUI PracticeUITests";
			sourceTree = "<group>";
		};
/* End PBXGroup section */

/* Begin PBXNativeTarget section */
		5E46366E238D009100EABD90 /* SwiftUI Practice */ = {
			isa = PBXNativeTarget;
			buildConfigurationList = 5E463699238D009200EABD90 /* Build configuration list for PBXNativeTarget "SwiftUI Practice" */;
			buildPhases = (
				5E46366B238D009100EABD90 /* Sources */,
				5E46366C238D009100EABD90 /* Frameworks */,
				5E46366D238D009100EABD90 /* Resources */,
			);
			buildRules = (
			);
			dependencies = (
			);
			name = "SwiftUI Practice";
			productName = "SwiftUI Practice";
			productReference = 5E46366F238D009100EABD90 /* SwiftUI Practice.app */;
			productType = "com.apple.product-type.application";
		};
		5E463684238D009100EABD90 /* SwiftUI PracticeTests */ = {
			isa = PBXNativeTarget;
			buildConfigurationList = 5E46369C238D009200EABD90 /* Build configuration list for PBXNativeTarget "SwiftUI PracticeTests" */;
			buildPhases = (
				5E463681238D009100EABD90 /* Sources */,
				5E463682238D009100EABD90 /* Frameworks */,
				5E463683238D009100EABD90 /* Resources */,
			);
			buildRules = (
			);
			dependencies = (
				5E463687238D009100EABD90 /* PBXTargetDependency */,
			);
			name = "SwiftUI PracticeTests";
			productName = "SwiftUI PracticeTests";
			productReference = 5E463685238D009100EABD90 /* SwiftUI PracticeTests.xctest */;
			productType = "com.apple.product-type.bundle.unit-test";
		};
		5E46368F238D009200EABD90 /* SwiftUI PracticeUITests */ = {
			isa = PBXNativeTarget;
			buildConfigurationList = 5E46369F238D009200EABD90 /* Build configuration list for PBXNativeTarget "SwiftUI PracticeUITests" */;
			buildPhases = (
				5E46368C238D009200EABD90 /* Sources */,
				5E46368D238D009200EABD90 /* Frameworks */,
				5E46368E238D009200EABD90 /* Resources */,
			);
			buildRules = (
			);
			dependencies = (
				5E463692238D009200EABD90 /* PBXTargetDependency */,
			);
			name = "SwiftUI PracticeUITests";
			productName = "SwiftUI PracticeUITests";
			productReference = 5E463690238D009200EABD90 /* SwiftUI PracticeUITests.xctest */;
			productType = "com.apple.product-type.bundle.ui-testing";
		};
/* End PBXNativeTarget section */

/* Begin PBXProject section */
		5E463667238D009100EABD90 /* Project object */ = {
			isa = PBXProject;
			attributes = {
				LastSwiftUpdateCheck = 1120;
				LastUpgradeCheck = 1120;
				ORGANIZATIONNAME = nytfury47;
				TargetAttributes = {
					5E46366E238D009100EABD90 = {
						CreatedOnToolsVersion = 11.2.1;
					};
					5E463684238D009100EABD90 = {
						CreatedOnToolsVersion = 11.2.1;
						TestTargetID = 5E46366E238D009100EABD90;
					};
					5E46368F238D009200EABD90 = {
						CreatedOnToolsVersion = 11.2.1;
						TestTargetID = 5E46366E238D009100EABD90;
					};
				};
			};
			buildConfigurationList = 5E46366A238D009100EABD90 /* Build configuration list for PBXProject "SwiftUI Practice" */;
			compatibilityVersion = "Xcode 9.3";
			developmentRegion = en;
			hasScannedForEncodings = 0;
			knownRegions = (
				en,
				Base,
			);
			mainGroup = 5E463666238D009100EABD90;
			productRefGroup = 5E463670238D009100EABD90 /* Products */;
			projectDirPath = "";
			projectRoot = "";
			targets = (
				5E46366E238D009100EABD90 /* SwiftUI Practice */,
				5E463684238D009100EABD90 /* SwiftUI PracticeTests */,
				5E46368F238D009200EABD90 /* SwiftUI PracticeUITests */,
			);
		};
/* End PBXProject section */

/* Begin PBXResourcesBuildPhase section */
		5E46366D238D009100EABD90 /* Resources */ = {
			isa = PBXResourcesBuildPhase;
			buildActionMask = 2147483647;
			files = (
				5E46367F238D009100EABD90 /* LaunchScreen.storyboard in Resources */,
				5E46367C238D009100EABD90 /* Preview Assets.xcassets in Resources */,
				5E463679238D009100EABD90 /* Assets.xcassets in Resources */,
			);
			runOnlyForDeploymentPostprocessing = 0;
		};
		5E463683238D009100EABD90 /* Resources */ = {
			isa = PBXResourcesBuildPhase;
			buildActionMask = 2147483647;
			files = (
			);
			runOnlyForDeploymentPostprocessing = 0;
		};
		5E46368E238D009200EABD90 /* Resources */ = {
			isa = PBXResourcesBuildPhase;
			buildActionMask = 2147483647;
			files = (
			);
			runOnlyForDeploymentPostprocessing = 0;
		};
/* End PBXResourcesBuildPhase section */

/* Begin PBXSourcesBuildPhase section */
		5E46366B238D009100EABD90 /* Sources */ = {
			isa = PBXSourcesBuildPhase;
			buildActionMask = 2147483647;
			files = (
				5E463673238D009100EABD90 /* AppDelegate.swift in Sources */,
				5E463675238D009100EABD90 /* SceneDelegate.swift in Sources */,
				5E463677238D009100EABD90 /* ContentView.swift in Sources */,
			);
			runOnlyForDeploymentPostprocessing = 0;
		};
		5E463681238D009100EABD90 /* Sources */ = {
			isa = PBXSourcesBuildPhase;
			buildActionMask = 2147483647;
			files = (
				5E46368A238D009200EABD90 /* SwiftUI_PracticeTests.swift in Sources */,
			);
			runOnlyForDeploymentPostprocessing = 0;
		};
		5E46368C238D009200EABD90 /* Sources */ = {
			isa = PBXSourcesBuildPhase;
			buildActionMask = 2147483647;
			files = (
				5E463695238D009200EABD90 /* SwiftUI_PracticeUITests.swift in Sources */,
			);
			runOnlyForDeploymentPostprocessing = 0;
		};
/* End PBXSourcesBuildPhase section */

/* Begin PBXTargetDependency section */
		5E463687238D009100EABD90 /* PBXTargetDependency */ = {
			isa = PBXTargetDependency;
			target = 5E46366E238D009100EABD90 /* SwiftUI Practice */;
			targetProxy = 5E463686238D009100EABD90 /* PBXContainerItemProxy */;
		};
		5E463692238D009200EABD90 /* PBXTargetDependency */ = {
			isa = PBXTargetDependency;
			target = 5E46366E238D009100EABD90 /* SwiftUI Practice */;
			targetProxy = 5E463691238D009200EABD90 /* PBXContainerItemProxy */;
		};
/* End PBXTargetDependency section */

/* Begin PBXVariantGroup section */
		5E46367D238D009100EABD90 /* LaunchScreen.storyboard */ = {
			isa = PBXVariantGroup;
			children = (
				5E46367E238D009100EABD90 /* Base */,
			);
			name = LaunchScreen.storyboard;
			sourceTree = "<group>";
		};
/* End PBXVariantGroup section */

/* Begin XCBuildConfiguration section */
		5E463697238D009200EABD90 /* Debug */ = {
			isa = XCBuildConfiguration;
			buildSettings = {
				ALWAYS_SEARCH_USER_PATHS = NO;
				CLANG_ANALYZER_NONNULL = YES;
				CLANG_ANALYZER_NUMBER_OBJECT_CONVERSION = YES_AGGRESSIVE;
				CLANG_CXX_LANGUAGE_STANDARD = "gnu++14";
				CLANG_CXX_LIBRARY = "libc++";
				CLANG_ENABLE_MODULES = YES;
				CLANG_ENABLE_OBJC_ARC = YES;
				CLANG_ENABLE_OBJC_WEAK = YES;
				CLANG_WARN_BLOCK_CAPTURE_AUTORELEASING = YES;
				CLANG_WARN_BOOL_CONVERSION = YES;
				CLANG_WARN_COMMA = YES;
				CLANG_WARN_CONSTANT_CONVERSION = YES;
				CLANG_WARN_DEPRECATED_OBJC_IMPLEMENTATIONS = YES;
				CLANG_WARN_DIRECT_OBJC_ISA_USAGE = YES_ERROR;
				CLANG_WARN_DOCUMENTATION_COMMENTS = YES;
				CLANG_WARN_EMPTY_BODY = YES;
				CLANG_WARN_ENUM_CONVERSION = YES;
				CLANG_WARN_INFINITE_RECURSION = YES;
				CLANG_WARN_INT_CONVERSION = YES;
				CLANG_WARN_NON_LITERAL_NULL_CONVERSION = YES;
				CLANG_WARN_OBJC_IMPLICIT_RETAIN_SELF = YES;
				CLANG_WARN_OBJC_LITERAL_CONVERSION = YES;
				CLANG_WARN_OBJC_ROOT_CLASS = YES_ERROR;
				CLANG_WARN_RANGE_LOOP_ANALYSIS = YES;
				CLANG_WARN_STRICT_PROTOTYPES = YES;
				CLANG_WARN_SUSPICIOUS_MOVE = YES;
				CLANG_WARN_UNGUARDED_AVAILABILITY = YES_AGGRESSIVE;
				CLANG_WARN_UNREACHABLE_CODE = YES;
				CLANG_WARN__DUPLICATE_METHOD_MATCH = YES;
				COPY_PHASE_STRIP = NO;
				DEBUG_INFORMATION_FORMAT = dwarf;
				ENABLE_STRICT_OBJC_MSGSEND = YES;
				ENABLE_TESTABILITY = YES;
				GCC_C_LANGUAGE_STANDARD = gnu11;
				GCC_DYNAMIC_NO_PIC = NO;
				GCC_NO_COMMON_BLOCKS = YES;
				GCC_OPTIMIZATION_LEVEL = 0;
				GCC_PREPROCESSOR_DEFINITIONS = (
					"DEBUG=1",
					"$(inherited)",
				);
				GCC_WARN_64_TO_32_BIT_CONVERSION = YES;
				GCC_WARN_ABOUT_RETURN_TYPE = YES_ERROR;
				GCC_WARN_UNDECLARED_SELECTOR = YES;
				GCC_WARN_UNINITIALIZED_AUTOS = YES_AGGRESSIVE;
				GCC_WARN_UNUSED_FUNCTION = YES;
				GCC_WARN_UNUSED_VARIABLE = YES;
				IPHONEOS_DEPLOYMENT_TARGET = 13.2;
				MTL_ENABLE_DEBUG_INFO = INCLUDE_SOURCE;
				MTL_FAST_MATH = YES;
				ONLY_ACTIVE_ARCH = YES;
				SDKROOT = iphoneos;
				SWIFT_ACTIVE_COMPILATION_CONDITIONS = DEBUG;
				SWIFT_OPTIMIZATION_LEVEL = "-Onone";
			};
			name = Debug;
		};
		5E463698238D009200EABD90 /* Release */ = {
			isa = XCBuildConfiguration;
			buildSettings = {
				ALWAYS_SEARCH_USER_PATHS = NO;
				CLANG_ANALYZER_NONNULL = YES;
				CLANG_ANALYZER_NUMBER_OBJECT_CONVERSION = YES_AGGRESSIVE;
				CLANG_CXX_LANGUAGE_STANDARD = "gnu++14";
				CLANG_CXX_LIBRARY = "libc++";
				CLANG_ENABLE_MODULES = YES;
				CLANG_ENABLE_OBJC_ARC = YES;
				CLANG_ENABLE_OBJC_WEAK = YES;
				CLANG_WARN_BLOCK_CAPTURE_AUTORELEASING = YES;
				CLANG_WARN_BOOL_CONVERSION = YES;
				CLANG_WARN_COMMA = YES;
				CLANG_WARN_CONSTANT_CONVERSION = YES;
				CLANG_WARN_DEPRECATED_OBJC_IMPLEMENTATIONS = YES;
				CLANG_WARN_DIRECT_OBJC_ISA_USAGE = YES_ERROR;
				CLANG_WARN_DOCUMENTATION_COMMENTS = YES;
				CLANG_WARN_EMPTY_BODY = YES;
				CLANG_WARN_ENUM_CONVERSION = YES;
				CLANG_WARN_INFINITE_RECURSION = YES;
				CLANG_WARN_INT_CONVERSION = YES;
				CLANG_WARN_NON_LITERAL_NULL_CONVERSION = YES;
				CLANG_WARN_OBJC_IMPLICIT_RETAIN_SELF = YES;
				CLANG_WARN_OBJC_LITERAL_CONVERSION = YES;
				CLANG_WARN_OBJC_ROOT_CLASS = YES_ERROR;
				CLANG_WARN_RANGE_LOOP_ANALYSIS = YES;
				CLANG_WARN_STRICT_PROTOTYPES = YES;
				CLANG_WARN_SUSPICIOUS_MOVE = YES;
				CLANG_WARN_UNGUARDED_AVAILABILITY = YES_AGGRESSIVE;
				CLANG_WARN_UNREACHABLE_CODE = YES;
				CLANG_WARN__DUPLICATE_METHOD_MATCH = YES;
				COPY_PHASE_STRIP = NO;
				DEBUG_INFORMATION_FORMAT = "dwarf-with-dsym";
				ENABLE_NS_ASSERTIONS = NO;
				ENABLE_STRICT_OBJC_MSGSEND = YES;
				GCC_C_LANGUAGE_STANDARD = gnu11;
				GCC_NO_COMMON_BLOCKS = YES;
				GCC_WARN_64_TO_32_BIT_CONVERSION = YES;
				GCC_WARN_ABOUT_RETURN_TYPE = YES_ERROR;
				GCC_WARN_UNDECLARED_SELECTOR = YES;
				GCC_WARN_UNINITIALIZED_AUTOS = YES_AGGRESSIVE;
				GCC_WARN_UNUSED_FUNCTION = YES;
				GCC_WARN_UNUSED_VARIABLE = YES;
				IPHONEOS_DEPLOYMENT_TARGET = 13.2;
				MTL_ENABLE_DEBUG_INFO = NO;
				MTL_FAST_MATH = YES;
				SDKROOT = iphoneos;
				SWIFT_COMPILATION_MODE = wholemodule;
				SWIFT_OPTIMIZATION_LEVEL = "-O";
				VALIDATE_PRODUCT = YES;
			};
			name = Release;
		};
		5E46369A238D009200EABD90 /* Debug */ = {
			isa = XCBuildConfiguration;
			buildSettings = {
				ASSETCATALOG_COMPILER_APPICON_NAME = AppIcon;
				CODE_SIGN_STYLE = Automatic;
				DEVELOPMENT_ASSET_PATHS = "\"SwiftUI Practice/Preview Content\"";
				DEVELOPMENT_TEAM = K4TVQ7E34D;
				ENABLE_PREVIEWS = YES;
				INFOPLIST_FILE = "SwiftUI Practice/Info.plist";
				LD_RUNPATH_SEARCH_PATHS = (
					"$(inherited)",
					"@executable_path/Frameworks",
				);
				PRODUCT_BUNDLE_IDENTIFIER = "com.tan.SwiftUI-Practice";
				PRODUCT_NAME = "$(TARGET_NAME)";
				SWIFT_VERSION = 5.0;
				TARGETED_DEVICE_FAMILY = "1,2";
			};
			name = Debug;
		};
		5E46369B238D009200EABD90 /* Release */ = {
			isa = XCBuildConfiguration;
			buildSettings = {
				ASSETCATALOG_COMPILER_APPICON_NAME = AppIcon;
				CODE_SIGN_STYLE = Automatic;
				DEVELOPMENT_ASSET_PATHS = "\"SwiftUI Practice/Preview Content\"";
				DEVELOPMENT_TEAM = K4TVQ7E34D;
				ENABLE_PREVIEWS = YES;
				INFOPLIST_FILE = "SwiftUI Practice/Info.plist";
				LD_RUNPATH_SEARCH_PATHS = (
					"$(inherited)",
					"@executable_path/Frameworks",
				);
				PRODUCT_BUNDLE_IDENTIFIER = "com.tan.SwiftUI-Practice";
				PRODUCT_NAME = "$(TARGET_NAME)";
				SWIFT_VERSION = 5.0;
				TARGETED_DEVICE_FAMILY = "1,2";
			};
			name = Release;
		};
		5E46369D238D009200EABD90 /* Debug */ = {
			isa = XCBuildConfiguration;
			buildSettings = {
				ALWAYS_EMBED_SWIFT_STANDARD_LIBRARIES = YES;
				BUNDLE_LOADER = "$(TEST_HOST)";
				CODE_SIGN_STYLE = Automatic;
				DEVELOPMENT_TEAM = K4TVQ7E34D;
				INFOPLIST_FILE = "SwiftUI PracticeTests/Info.plist";
				IPHONEOS_DEPLOYMENT_TARGET = 13.2;
				LD_RUNPATH_SEARCH_PATHS = (
					"$(inherited)",
					"@executable_path/Frameworks",
					"@loader_path/Frameworks",
				);
				PRODUCT_BUNDLE_IDENTIFIER = "com.tan.SwiftUI-PracticeTests";
				PRODUCT_NAME = "$(TARGET_NAME)";
				SWIFT_VERSION = 5.0;
				TARGETED_DEVICE_FAMILY = "1,2";
				TEST_HOST = "$(BUILT_PRODUCTS_DIR)/SwiftUI Practice.app/SwiftUI Practice";
			};
			name = Debug;
		};
		5E46369E238D009200EABD90 /* Release */ = {
			isa = XCBuildConfiguration;
			buildSettings = {
				ALWAYS_EMBED_SWIFT_STANDARD_LIBRARIES = YES;
				BUNDLE_LOADER = "$(TEST_HOST)";
				CODE_SIGN_STYLE = Automatic;
				DEVELOPMENT_TEAM = K4TVQ7E34D;
				INFOPLIST_FILE = "SwiftUI PracticeTests/Info.plist";
				IPHONEOS_DEPLOYMENT_TARGET = 13.2;
				LD_RUNPATH_SEARCH_PATHS = (
					"$(inherited)",
					"@executable_path/Frameworks",
					"@loader_path/Frameworks",
				);
				PRODUCT_BUNDLE_IDENTIFIER = "com.tan.SwiftUI-PracticeTests";
				PRODUCT_NAME = "$(TARGET_NAME)";
				SWIFT_VERSION = 5.0;
				TARGETED_DEVICE_FAMILY = "1,2";
				TEST_HOST = "$(BUILT_PRODUCTS_DIR)/SwiftUI Practice.app/SwiftUI Practice";
			};
			name = Release;
		};
		5E4636A0238D009200EABD90 /* Debug */ = {
			isa = XCBuildConfiguration;
			buildSettings = {
				ALWAYS_EMBED_SWIFT_STANDARD_LIBRARIES = YES;
				CODE_SIGN_STYLE = Automatic;
				DEVELOPMENT_TEAM = K4TVQ7E34D;
				INFOPLIST_FILE = "SwiftUI PracticeUITests/Info.plist";
				LD_RUNPATH_SEARCH_PATHS = (
					"$(inherited)",
					"@executable_path/Frameworks",
					"@loader_path/Frameworks",
				);
				PRODUCT_BUNDLE_IDENTIFIER = "com.tan.SwiftUI-PracticeUITests";
				PRODUCT_NAME = "$(TARGET_NAME)";
				SWIFT_VERSION = 5.0;
				TARGETED_DEVICE_FAMILY = "1,2";
				TEST_TARGET_NAME = "SwiftUI Practice";
			};
			name = Debug;
		};
		5E4636A1238D009200EABD90 /* Release */ = {
			isa = XCBuildConfiguration;
			buildSettings = {
				ALWAYS_EMBED_SWIFT_STANDARD_LIBRARIES = YES;
				CODE_SIGN_STYLE = Automatic;
				DEVELOPMENT_TEAM = K4TVQ7E34D;
				INFOPLIST_FILE = "SwiftUI PracticeUITests/Info.plist";
				LD_RUNPATH_SEARCH_PATHS = (
					"$(inherited)",
					"@executable_path/Frameworks",
					"@loader_path/Frameworks",
				);
				PRODUCT_BUNDLE_IDENTIFIER = "com.tan.SwiftUI-PracticeUITests";
				PRODUCT_NAME = "$(TARGET_NAME)";
				SWIFT_VERSION = 5.0;
				TARGETED_DEVICE_FAMILY = "1,2";
				TEST_TARGET_NAME = "SwiftUI Practice";
			};
			name = Release;
		};
/* End XCBuildConfiguration section */

/* Begin XCConfigurationList section */
		5E46366A238D009100EABD90 /* Build configuration list for PBXProject "SwiftUI Practice" */ = {
			isa = XCConfigurationList;
			buildConfigurations = (
				5E463697238D009200EABD90 /* Debug */,
				5E463698238D009200EABD90 /* Release */,
			);
			defaultConfigurationIsVisible = 0;
			defaultConfigurationName = Release;
		};
		5E463699238D009200EABD90 /* Build configuration list for PBXNativeTarget "SwiftUI Practice" */ = {
			isa = XCConfigurationList;
			buildConfigurations = (
				5E46369A238D009200EABD90 /* Debug */,
				5E46369B238D009200EABD90 /* Release */,
			);
			defaultConfigurationIsVisible = 0;
			defaultConfigurationName = Release;
		};
		5E46369C238D009200EABD90 /* Build configuration list for PBXNativeTarget "SwiftUI PracticeTests" */ = {
			isa = XCConfigurationList;
			buildConfigurations = (
				5E46369D238D009200EABD90 /* Debug */,
				5E46369E238D009200EABD90 /* Release */,
			);
			defaultConfigurationIsVisible = 0;
			defaultConfigurationName = Release;
		};
		5E46369F238D009200EABD90 /* Build configuration list for PBXNativeTarget "SwiftUI PracticeUITests" */ = {
			isa = XCConfigurationList;
			buildConfigurations = (
				5E4636A0238D009200EABD90 /* Debug */,
				5E4636A1238D009200EABD90 /* Release */,
			);
			defaultConfigurationIsVisible = 0;
			defaultConfigurationName = Release;
		};
/* End XCConfigurationList section */
	};
	rootObject = 5E463667238D009100EABD90 /* Project object */;
}
